// !$*UTF8*$!
{
	archiveVersion = 1;
	classes = {
	};
	objectVersion = 55;
	objects = {

/* Begin PBXBuildFile section */
		33B21B1E2798ABD7009F9188 /* AppDelegate.swift in Sources */ = {isa = PBXBuildFile; fileRef = 33B21B1D2798ABD7009F9188 /* AppDelegate.swift */; };
		33B21B202798ABD7009F9188 /* SceneDelegate.swift in Sources */ = {isa = PBXBuildFile; fileRef = 33B21B1F2798ABD7009F9188 /* SceneDelegate.swift */; };
		33B21B222798ABD7009F9188 /* ViewController.swift in Sources */ = {isa = PBXBuildFile; fileRef = 33B21B212798ABD7009F9188 /* ViewController.swift */; };
		33B21B272798ABD9009F9188 /* Assets.xcassets in Resources */ = {isa = PBXBuildFile; fileRef = 33B21B262798ABD9009F9188 /* Assets.xcassets */; };
		33B21B2A2798ABD9009F9188 /* LaunchScreen.storyboard in Resources */ = {isa = PBXBuildFile; fileRef = 33B21B282798ABD9009F9188 /* LaunchScreen.storyboard */; };
		33B21B352798AC40009F9188 /* allornothing.json in Resources */ = {isa = PBXBuildFile; fileRef = 33B21B342798AC40009F9188 /* allornothing.json */; };
		33B21B372798B400009F9188 /* UnknownStringKey.swift in Sources */ = {isa = PBXBuildFile; fileRef = 33B21B362798B400009F9188 /* UnknownStringKey.swift */; };
		33B21B392798B40D009F9188 /* Message.swift in Sources */ = {isa = PBXBuildFile; fileRef = 33B21B382798B40D009F9188 /* Message.swift */; };
		33B21B3B2799DF7D009F9188 /* ChatPieceTableViewCell.swift in Sources */ = {isa = PBXBuildFile; fileRef = 33B21B3A2799DF7D009F9188 /* ChatPieceTableViewCell.swift */; };
		33B21B3D2799DF9A009F9188 /* Conversation.swift in Sources */ = {isa = PBXBuildFile; fileRef = 33B21B3C2799DF9A009F9188 /* Conversation.swift */; };
		33B21B3F2799DFC3009F9188 /* Extensions.swift in Sources */ = {isa = PBXBuildFile; fileRef = 33B21B3E2799DFC3009F9188 /* Extensions.swift */; };
		33B21B412799DFD9009F9188 /* ChatPieceType.swift in Sources */ = {isa = PBXBuildFile; fileRef = 33B21B402799DFD9009F9188 /* ChatPieceType.swift */; };
		33B21B432799DFE5009F9188 /* BotPiece.swift in Sources */ = {isa = PBXBuildFile; fileRef = 33B21B422799DFE5009F9188 /* BotPiece.swift */; };
		33B21B45279A0119009F9188 /* ChatEngine.swift in Sources */ = {isa = PBXBuildFile; fileRef = 33B21B44279A0119009F9188 /* ChatEngine.swift */; };
		33B21B47279B0921009F9188 /* Store.swift in Sources */ = {isa = PBXBuildFile; fileRef = 33B21B46279B0921009F9188 /* Store.swift */; };
		33B21B49279B1F97009F9188 /* LessonManager.swift in Sources */ = {isa = PBXBuildFile; fileRef = 33B21B48279B1F97009F9188 /* LessonManager.swift */; };
		33B21B4B279B1FA1009F9188 /* MessageLoader.swift in Sources */ = {isa = PBXBuildFile; fileRef = 33B21B4A279B1FA1009F9188 /* MessageLoader.swift */; };
		33B21B4D279B201E009F9188 /* ChatView.swift in Sources */ = {isa = PBXBuildFile; fileRef = 33B21B4C279B201E009F9188 /* ChatView.swift */; };
		33B21B4F279B206D009F9188 /* MessageList.swift in Sources */ = {isa = PBXBuildFile; fileRef = 33B21B4E279B206D009F9188 /* MessageList.swift */; };
/* End PBXBuildFile section */

/* Begin PBXFileReference section */
		33B21B1A2798ABD7009F9188 /* AllOrNothing.app */ = {isa = PBXFileReference; explicitFileType = wrapper.application; includeInIndex = 0; path = AllOrNothing.app; sourceTree = BUILT_PRODUCTS_DIR; };
		33B21B1D2798ABD7009F9188 /* AppDelegate.swift */ = {isa = PBXFileReference; lastKnownFileType = sourcecode.swift; path = AppDelegate.swift; sourceTree = "<group>"; };
		33B21B1F2798ABD7009F9188 /* SceneDelegate.swift */ = {isa = PBXFileReference; lastKnownFileType = sourcecode.swift; path = SceneDelegate.swift; sourceTree = "<group>"; };
		33B21B212798ABD7009F9188 /* ViewController.swift */ = {isa = PBXFileReference; lastKnownFileType = sourcecode.swift; path = ViewController.swift; sourceTree = "<group>"; };
		33B21B262798ABD9009F9188 /* Assets.xcassets */ = {isa = PBXFileReference; lastKnownFileType = folder.assetcatalog; path = Assets.xcassets; sourceTree = "<group>"; };
		33B21B292798ABD9009F9188 /* Base */ = {isa = PBXFileReference; lastKnownFileType = file.storyboard; name = Base; path = Base.lproj/LaunchScreen.storyboard; sourceTree = "<group>"; };
		33B21B2B2798ABD9009F9188 /* Info.plist */ = {isa = PBXFileReference; lastKnownFileType = text.plist.xml; path = Info.plist; sourceTree = "<group>"; };
		33B21B342798AC40009F9188 /* allornothing.json */ = {isa = PBXFileReference; fileEncoding = 4; lastKnownFileType = text.json; path = allornothing.json; sourceTree = "<group>"; };
		33B21B362798B400009F9188 /* UnknownStringKey.swift */ = {isa = PBXFileReference; lastKnownFileType = sourcecode.swift; path = UnknownStringKey.swift; sourceTree = "<group>"; };
		33B21B382798B40D009F9188 /* Message.swift */ = {isa = PBXFileReference; lastKnownFileType = sourcecode.swift; path = Message.swift; sourceTree = "<group>"; };
		33B21B3A2799DF7D009F9188 /* ChatPieceTableViewCell.swift */ = {isa = PBXFileReference; lastKnownFileType = sourcecode.swift; path = ChatPieceTableViewCell.swift; sourceTree = "<group>"; };
		33B21B3C2799DF9A009F9188 /* Conversation.swift */ = {isa = PBXFileReference; lastKnownFileType = sourcecode.swift; path = Conversation.swift; sourceTree = "<group>"; };
		33B21B3E2799DFC3009F9188 /* Extensions.swift */ = {isa = PBXFileReference; lastKnownFileType = sourcecode.swift; path = Extensions.swift; sourceTree = "<group>"; };
		33B21B402799DFD9009F9188 /* ChatPieceType.swift */ = {isa = PBXFileReference; lastKnownFileType = sourcecode.swift; path = ChatPieceType.swift; sourceTree = "<group>"; };
		33B21B422799DFE5009F9188 /* BotPiece.swift */ = {isa = PBXFileReference; lastKnownFileType = sourcecode.swift; path = BotPiece.swift; sourceTree = "<group>"; };
		33B21B44279A0119009F9188 /* ChatEngine.swift */ = {isa = PBXFileReference; lastKnownFileType = sourcecode.swift; path = ChatEngine.swift; sourceTree = "<group>"; };
		33B21B46279B0921009F9188 /* Store.swift */ = {isa = PBXFileReference; lastKnownFileType = sourcecode.swift; path = Store.swift; sourceTree = "<group>"; };
		33B21B48279B1F97009F9188 /* LessonManager.swift */ = {isa = PBXFileReference; lastKnownFileType = sourcecode.swift; path = LessonManager.swift; sourceTree = "<group>"; };
		33B21B4A279B1FA1009F9188 /* MessageLoader.swift */ = {isa = PBXFileReference; lastKnownFileType = sourcecode.swift; path = MessageLoader.swift; sourceTree = "<group>"; };
		33B21B4C279B201E009F9188 /* ChatView.swift */ = {isa = PBXFileReference; lastKnownFileType = sourcecode.swift; path = ChatView.swift; sourceTree = "<group>"; };
		33B21B4E279B206D009F9188 /* MessageList.swift */ = {isa = PBXFileReference; lastKnownFileType = sourcecode.swift; path = MessageList.swift; sourceTree = "<group>"; };
/* End PBXFileReference section */

/* Begin PBXFrameworksBuildPhase section */
		33B21B172798ABD7009F9188 /* Frameworks */ = {
			isa = PBXFrameworksBuildPhase;
			buildActionMask = 2147483647;
			files = (
			);
			runOnlyForDeploymentPostprocessing = 0;
		};
/* End PBXFrameworksBuildPhase section */

/* Begin PBXGroup section */
		33B21B112798ABD7009F9188 = {
			isa = PBXGroup;
			children = (
				33B21B1C2798ABD7009F9188 /* AllOrNothing */,
				33B21B1B2798ABD7009F9188 /* Products */,
			);
			sourceTree = "<group>";
		};
		33B21B1B2798ABD7009F9188 /* Products */ = {
			isa = PBXGroup;
			children = (
				33B21B1A2798ABD7009F9188 /* AllOrNothing.app */,
			);
			name = Products;
			sourceTree = "<group>";
		};
		33B21B1C2798ABD7009F9188 /* AllOrNothing */ = {
			isa = PBXGroup;
			children = (
				33B21B332798ABF0009F9188 /* Controllers */,
				33B21B322798ABEB009F9188 /* Views */,
				33B21B312798ABDF009F9188 /* Model */,
				33B21B1D2798ABD7009F9188 /* AppDelegate.swift */,
				33B21B1F2798ABD7009F9188 /* SceneDelegate.swift */,
				33B21B44279A0119009F9188 /* ChatEngine.swift */,
				33B21B262798ABD9009F9188 /* Assets.xcassets */,
				33B21B282798ABD9009F9188 /* LaunchScreen.storyboard */,
				33B21B2B2798ABD9009F9188 /* Info.plist */,
				33B21B3E2799DFC3009F9188 /* Extensions.swift */,
				33B21B46279B0921009F9188 /* Store.swift */,
				33B21B4A279B1FA1009F9188 /* MessageLoader.swift */,
				33B21B48279B1F97009F9188 /* LessonManager.swift */,
			);
			path = AllOrNothing;
			sourceTree = "<group>";
		};
		33B21B312798ABDF009F9188 /* Model */ = {
			isa = PBXGroup;
			children = (
				33B21B342798AC40009F9188 /* allornothing.json */,
				33B21B362798B400009F9188 /* UnknownStringKey.swift */,
				33B21B382798B40D009F9188 /* Message.swift */,
				33B21B3C2799DF9A009F9188 /* Conversation.swift */,
				33B21B402799DFD9009F9188 /* ChatPieceType.swift */,
				33B21B422799DFE5009F9188 /* BotPiece.swift */,
				33B21B4E279B206D009F9188 /* MessageList.swift */,
			);
			path = Model;
			sourceTree = "<group>";
		};
		33B21B322798ABEB009F9188 /* Views */ = {
			isa = PBXGroup;
			children = (
				33B21B3A2799DF7D009F9188 /* ChatPieceTableViewCell.swift */,
				33B21B4C279B201E009F9188 /* ChatView.swift */,
			);
			path = Views;
			sourceTree = "<group>";
		};
		33B21B332798ABF0009F9188 /* Controllers */ = {
			isa = PBXGroup;
			children = (
				33B21B212798ABD7009F9188 /* ViewController.swift */,
			);
			path = Controllers;
			sourceTree = "<group>";
		};
/* End PBXGroup section */

/* Begin PBXNativeTarget section */
		33B21B192798ABD7009F9188 /* AllOrNothing */ = {
			isa = PBXNativeTarget;
			buildConfigurationList = 33B21B2E2798ABD9009F9188 /* Build configuration list for PBXNativeTarget "AllOrNothing" */;
			buildPhases = (
				33B21B162798ABD7009F9188 /* Sources */,
				33B21B172798ABD7009F9188 /* Frameworks */,
				33B21B182798ABD7009F9188 /* Resources */,
			);
			buildRules = (
			);
			dependencies = (
			);
			name = AllOrNothing;
			productName = AllOrNothing;
			productReference = 33B21B1A2798ABD7009F9188 /* AllOrNothing.app */;
			productType = "com.apple.product-type.application";
		};
/* End PBXNativeTarget section */

/* Begin PBXProject section */
		33B21B122798ABD7009F9188 /* Project object */ = {
			isa = PBXProject;
			attributes = {
				BuildIndependentTargetsInParallel = 1;
				LastSwiftUpdateCheck = 1310;
				LastUpgradeCheck = 1310;
				TargetAttributes = {
					33B21B192798ABD7009F9188 = {
						CreatedOnToolsVersion = 13.1;
					};
				};
			};
			buildConfigurationList = 33B21B152798ABD7009F9188 /* Build configuration list for PBXProject "AllOrNothing" */;
			compatibilityVersion = "Xcode 13.0";
			developmentRegion = en;
			hasScannedForEncodings = 0;
			knownRegions = (
				en,
				Base,
			);
			mainGroup = 33B21B112798ABD7009F9188;
			productRefGroup = 33B21B1B2798ABD7009F9188 /* Products */;
			projectDirPath = "";
			projectRoot = "";
			targets = (
				33B21B192798ABD7009F9188 /* AllOrNothing */,
			);
		};
/* End PBXProject section */

/* Begin PBXResourcesBuildPhase section */
		33B21B182798ABD7009F9188 /* Resources */ = {
			isa = PBXResourcesBuildPhase;
			buildActionMask = 2147483647;
			files = (
				33B21B2A2798ABD9009F9188 /* LaunchScreen.storyboard in Resources */,
				33B21B352798AC40009F9188 /* allornothing.json in Resources */,
				33B21B272798ABD9009F9188 /* Assets.xcassets in Resources */,
			);
			runOnlyForDeploymentPostprocessing = 0;
		};
/* End PBXResourcesBuildPhase section */

/* Begin PBXSourcesBuildPhase section */
		33B21B162798ABD7009F9188 /* Sources */ = {
			isa = PBXSourcesBuildPhase;
			buildActionMask = 2147483647;
			files = (
				33B21B222798ABD7009F9188 /* ViewController.swift in Sources */,
				33B21B372798B400009F9188 /* UnknownStringKey.swift in Sources */,
				33B21B392798B40D009F9188 /* Message.swift in Sources */,
				33B21B49279B1F97009F9188 /* LessonManager.swift in Sources */,
				33B21B47279B0921009F9188 /* Store.swift in Sources */,
				33B21B45279A0119009F9188 /* ChatEngine.swift in Sources */,
				33B21B412799DFD9009F9188 /* ChatPieceType.swift in Sources */,
				33B21B4D279B201E009F9188 /* ChatView.swift in Sources */,
				33B21B3F2799DFC3009F9188 /* Extensions.swift in Sources */,
				33B21B4B279B1FA1009F9188 /* MessageLoader.swift in Sources */,
				33B21B1E2798ABD7009F9188 /* AppDelegate.swift in Sources */,
				33B21B3D2799DF9A009F9188 /* Conversation.swift in Sources */,
				33B21B3B2799DF7D009F9188 /* ChatPieceTableViewCell.swift in Sources */,
				33B21B4F279B206D009F9188 /* MessageList.swift in Sources */,
				33B21B432799DFE5009F9188 /* BotPiece.swift in Sources */,
				33B21B202798ABD7009F9188 /* SceneDelegate.swift in Sources */,
			);
			runOnlyForDeploymentPostprocessing = 0;
		};
/* End PBXSourcesBuildPhase section */

/* Begin PBXVariantGroup section */
		33B21B282798ABD9009F9188 /* LaunchScreen.storyboard */ = {
			isa = PBXVariantGroup;
			children = (
				33B21B292798ABD9009F9188 /* Base */,
			);
			name = LaunchScreen.storyboard;
			sourceTree = "<group>";
		};
/* End PBXVariantGroup section */

/* Begin XCBuildConfiguration section */
		33B21B2C2798ABD9009F9188 /* Debug */ = {
			isa = XCBuildConfiguration;
			buildSettings = {
				ALWAYS_SEARCH_USER_PATHS = NO;
				CLANG_ANALYZER_NONNULL = YES;
				CLANG_ANALYZER_NUMBER_OBJECT_CONVERSION = YES_AGGRESSIVE;
				CLANG_CXX_LANGUAGE_STANDARD = "gnu++17";
				CLANG_CXX_LIBRARY = "libc++";
				CLANG_ENABLE_MODULES = YES;
				CLANG_ENABLE_OBJC_ARC = YES;
				CLANG_ENABLE_OBJC_WEAK = YES;
				CLANG_WARN_BLOCK_CAPTURE_AUTORELEASING = YES;
				CLANG_WARN_BOOL_CONVERSION = YES;
				CLANG_WARN_COMMA = YES;
				CLANG_WARN_CONSTANT_CONVERSION = YES;
				CLANG_WARN_DEPRECATED_OBJC_IMPLEMENTATIONS = YES;
				CLANG_WARN_DIRECT_OBJC_ISA_USAGE = YES_ERROR;
				CLANG_WARN_DOCUMENTATION_COMMENTS = YES;
				CLANG_WARN_EMPTY_BODY = YES;
				CLANG_WARN_ENUM_CONVERSION = YES;
				CLANG_WARN_INFINITE_RECURSION = YES;
				CLANG_WARN_INT_CONVERSION = YES;
				CLANG_WARN_NON_LITERAL_NULL_CONVERSION = YES;
				CLANG_WARN_OBJC_IMPLICIT_RETAIN_SELF = YES;
				CLANG_WARN_OBJC_LITERAL_CONVERSION = YES;
				CLANG_WARN_OBJC_ROOT_CLASS = YES_ERROR;
				CLANG_WARN_QUOTED_INCLUDE_IN_FRAMEWORK_HEADER = YES;
				CLANG_WARN_RANGE_LOOP_ANALYSIS = YES;
				CLANG_WARN_STRICT_PROTOTYPES = YES;
				CLANG_WARN_SUSPICIOUS_MOVE = YES;
				CLANG_WARN_UNGUARDED_AVAILABILITY = YES_AGGRESSIVE;
				CLANG_WARN_UNREACHABLE_CODE = YES;
				CLANG_WARN__DUPLICATE_METHOD_MATCH = YES;
				COPY_PHASE_STRIP = NO;
				DEBUG_INFORMATION_FORMAT = dwarf;
				ENABLE_STRICT_OBJC_MSGSEND = YES;
				ENABLE_TESTABILITY = YES;
				GCC_C_LANGUAGE_STANDARD = gnu11;
				GCC_DYNAMIC_NO_PIC = NO;
				GCC_NO_COMMON_BLOCKS = YES;
				GCC_OPTIMIZATION_LEVEL = 0;
				GCC_PREPROCESSOR_DEFINITIONS = (
					"DEBUG=1",
					"$(inherited)",
				);
				GCC_WARN_64_TO_32_BIT_CONVERSION = YES;
				GCC_WARN_ABOUT_RETURN_TYPE = YES_ERROR;
				GCC_WARN_UNDECLARED_SELECTOR = YES;
				GCC_WARN_UNINITIALIZED_AUTOS = YES_AGGRESSIVE;
				GCC_WARN_UNUSED_FUNCTION = YES;
				GCC_WARN_UNUSED_VARIABLE = YES;
				IPHONEOS_DEPLOYMENT_TARGET = 15.0;
				MTL_ENABLE_DEBUG_INFO = INCLUDE_SOURCE;
				MTL_FAST_MATH = YES;
				ONLY_ACTIVE_ARCH = YES;
				SDKROOT = iphoneos;
				SWIFT_ACTIVE_COMPILATION_CONDITIONS = DEBUG;
				SWIFT_OPTIMIZATION_LEVEL = "-Onone";
			};
			name = Debug;
		};
		33B21B2D2798ABD9009F9188 /* Release */ = {
			isa = XCBuildConfiguration;
			buildSettings = {
				ALWAYS_SEARCH_USER_PATHS = NO;
				CLANG_ANALYZER_NONNULL = YES;
				CLANG_ANALYZER_NUMBER_OBJECT_CONVERSION = YES_AGGRESSIVE;
				CLANG_CXX_LANGUAGE_STANDARD = "gnu++17";
				CLANG_CXX_LIBRARY = "libc++";
				CLANG_ENABLE_MODULES = YES;
				CLANG_ENABLE_OBJC_ARC = YES;
				CLANG_ENABLE_OBJC_WEAK = YES;
				CLANG_WARN_BLOCK_CAPTURE_AUTORELEASING = YES;
				CLANG_WARN_BOOL_CONVERSION = YES;
				CLANG_WARN_COMMA = YES;
				CLANG_WARN_CONSTANT_CONVERSION = YES;
				CLANG_WARN_DEPRECATED_OBJC_IMPLEMENTATIONS = YES;
				CLANG_WARN_DIRECT_OBJC_ISA_USAGE = YES_ERROR;
				CLANG_WARN_DOCUMENTATION_COMMENTS = YES;
				CLANG_WARN_EMPTY_BODY = YES;
				CLANG_WARN_ENUM_CONVERSION = YES;
				CLANG_WARN_INFINITE_RECURSION = YES;
				CLANG_WARN_INT_CONVERSION = YES;
				CLANG_WARN_NON_LITERAL_NULL_CONVERSION = YES;
				CLANG_WARN_OBJC_IMPLICIT_RETAIN_SELF = YES;
				CLANG_WARN_OBJC_LITERAL_CONVERSION = YES;
				CLANG_WARN_OBJC_ROOT_CLASS = YES_ERROR;
				CLANG_WARN_QUOTED_INCLUDE_IN_FRAMEWORK_HEADER = YES;
				CLANG_WARN_RANGE_LOOP_ANALYSIS = YES;
				CLANG_WARN_STRICT_PROTOTYPES = YES;
				CLANG_WARN_SUSPICIOUS_MOVE = YES;
				CLANG_WARN_UNGUARDED_AVAILABILITY = YES_AGGRESSIVE;
				CLANG_WARN_UNREACHABLE_CODE = YES;
				CLANG_WARN__DUPLICATE_METHOD_MATCH = YES;
				COPY_PHASE_STRIP = NO;
				DEBUG_INFORMATION_FORMAT = "dwarf-with-dsym";
				ENABLE_NS_ASSERTIONS = NO;
				ENABLE_STRICT_OBJC_MSGSEND = YES;
				GCC_C_LANGUAGE_STANDARD = gnu11;
				GCC_NO_COMMON_BLOCKS = YES;
				GCC_WARN_64_TO_32_BIT_CONVERSION = YES;
				GCC_WARN_ABOUT_RETURN_TYPE = YES_ERROR;
				GCC_WARN_UNDECLARED_SELECTOR = YES;
				GCC_WARN_UNINITIALIZED_AUTOS = YES_AGGRESSIVE;
				GCC_WARN_UNUSED_FUNCTION = YES;
				GCC_WARN_UNUSED_VARIABLE = YES;
				IPHONEOS_DEPLOYMENT_TARGET = 15.0;
				MTL_ENABLE_DEBUG_INFO = NO;
				MTL_FAST_MATH = YES;
				SDKROOT = iphoneos;
				SWIFT_COMPILATION_MODE = wholemodule;
				SWIFT_OPTIMIZATION_LEVEL = "-O";
				VALIDATE_PRODUCT = YES;
			};
			name = Release;
		};
		33B21B2F2798ABD9009F9188 /* Debug */ = {
			isa = XCBuildConfiguration;
			buildSettings = {
				ASSETCATALOG_COMPILER_APPICON_NAME = AppIcon;
				ASSETCATALOG_COMPILER_GLOBAL_ACCENT_COLOR_NAME = AccentColor;
				CODE_SIGN_STYLE = Automatic;
				CURRENT_PROJECT_VERSION = 1;
				DEVELOPMENT_TEAM = 9W8U24UXMM;
				GENERATE_INFOPLIST_FILE = YES;
				INFOPLIST_FILE = AllOrNothing/Info.plist;
				INFOPLIST_KEY_UIApplicationSupportsIndirectInputEvents = YES;
				INFOPLIST_KEY_UILaunchStoryboardName = LaunchScreen;
				INFOPLIST_KEY_UISupportedInterfaceOrientations_iPad = "UIInterfaceOrientationPortrait UIInterfaceOrientationPortraitUpsideDown UIInterfaceOrientationLandscapeLeft UIInterfaceOrientationLandscapeRight";
				INFOPLIST_KEY_UISupportedInterfaceOrientations_iPhone = "UIInterfaceOrientationPortrait UIInterfaceOrientationLandscapeLeft UIInterfaceOrientationLandscapeRight";
				LD_RUNPATH_SEARCH_PATHS = (
					"$(inherited)",
					"@executable_path/Frameworks",
				);
				MARKETING_VERSION = 1.0;
				PRODUCT_BUNDLE_IDENTIFIER = com.donderapps.AllOrNothing;
				PRODUCT_NAME = "$(TARGET_NAME)";
				SWIFT_EMIT_LOC_STRINGS = YES;
				SWIFT_VERSION = 5.0;
				TARGETED_DEVICE_FAMILY = 1;
			};
			name = Debug;
		};
		33B21B302798ABD9009F9188 /* Release */ = {
			isa = XCBuildConfiguration;
			buildSettings = {
				ASSETCATALOG_COMPILER_APPICON_NAME = AppIcon;
				ASSETCATALOG_COMPILER_GLOBAL_ACCENT_COLOR_NAME = AccentColor;
				CODE_SIGN_STYLE = Automatic;
				CURRENT_PROJECT_VERSION = 1;
				DEVELOPMENT_TEAM = 9W8U24UXMM;
				GENERATE_INFOPLIST_FILE = YES;
				INFOPLIST_FILE = AllOrNothing/Info.plist;
				INFOPLIST_KEY_UIApplicationSupportsIndirectInputEvents = YES;
				INFOPLIST_KEY_UILaunchStoryboardName = LaunchScreen;
				INFOPLIST_KEY_UISupportedInterfaceOrientations_iPad = "UIInterfaceOrientationPortrait UIInterfaceOrientationPortraitUpsideDown UIInterfaceOrientationLandscapeLeft UIInterfaceOrientationLandscapeRight";
				INFOPLIST_KEY_UISupportedInterfaceOrientations_iPhone = "UIInterfaceOrientationPortrait UIInterfaceOrientationLandscapeLeft UIInterfaceOrientationLandscapeRight";
				LD_RUNPATH_SEARCH_PATHS = (
					"$(inherited)",
					"@executable_path/Frameworks",
				);
				MARKETING_VERSION = 1.0;
				PRODUCT_BUNDLE_IDENTIFIER = com.donderapps.AllOrNothing;
				PRODUCT_NAME = "$(TARGET_NAME)";
				SWIFT_EMIT_LOC_STRINGS = YES;
				SWIFT_VERSION = 5.0;
				TARGETED_DEVICE_FAMILY = 1;
			};
			name = Release;
		};
/* End XCBuildConfiguration section */

/* Begin XCConfigurationList section */
		33B21B152798ABD7009F9188 /* Build configuration list for PBXProject "AllOrNothing" */ = {
			isa = XCConfigurationList;
			buildConfigurations = (
				33B21B2C2798ABD9009F9188 /* Debug */,
				33B21B2D2798ABD9009F9188 /* Release */,
			);
			defaultConfigurationIsVisible = 0;
			defaultConfigurationName = Release;
		};
		33B21B2E2798ABD9009F9188 /* Build configuration list for PBXNativeTarget "AllOrNothing" */ = {
			isa = XCConfigurationList;
			buildConfigurations = (
				33B21B2F2798ABD9009F9188 /* Debug */,
				33B21B302798ABD9009F9188 /* Release */,
			);
			defaultConfigurationIsVisible = 0;
			defaultConfigurationName = Release;
		};
/* End XCConfigurationList section */
	};
	rootObject = 33B21B122798ABD7009F9188 /* Project object */;
}
